// !$*UTF8*$!
{
	archiveVersion = 1;
	classes = {
	};
	objectVersion = 56;
	objects = {

/* Begin PBXBuildFile section */
		2749448129004016004EF529 /* LayoutTestView.swift in Sources */ = {isa = PBXBuildFile; fileRef = 2749448029004016004EF529 /* LayoutTestView.swift */; };
		274944892901CBEE004EF529 /* HStackLayoutWorkshopTests.swift in Sources */ = {isa = PBXBuildFile; fileRef = 274944882901CBEE004EF529 /* HStackLayoutWorkshopTests.swift */; };
		274944912901CC63004EF529 /* SnapshotTesting in Frameworks */ = {isa = PBXBuildFile; productRef = 274944902901CC63004EF529 /* SnapshotTesting */; };
		27EDF01228FF1C8B00A09703 /* HStackLayoutWorkshopApp.swift in Sources */ = {isa = PBXBuildFile; fileRef = 27EDF01128FF1C8B00A09703 /* HStackLayoutWorkshopApp.swift */; };
		27EDF01428FF1C8B00A09703 /* ContentView.swift in Sources */ = {isa = PBXBuildFile; fileRef = 27EDF01328FF1C8B00A09703 /* ContentView.swift */; };
		27EDF01628FF1C8D00A09703 /* Assets.xcassets in Resources */ = {isa = PBXBuildFile; fileRef = 27EDF01528FF1C8D00A09703 /* Assets.xcassets */; };
		27EDF01928FF1C8D00A09703 /* Preview Assets.xcassets in Resources */ = {isa = PBXBuildFile; fileRef = 27EDF01828FF1C8D00A09703 /* Preview Assets.xcassets */; };
		27EDF02028FF238E00A09703 /* MyHStackLayout.swift in Sources */ = {isa = PBXBuildFile; fileRef = 27EDF01F28FF238E00A09703 /* MyHStackLayout.swift */; };
		27EDF02228FF29A200A09703 /* ChildrenFrameReader.swift in Sources */ = {isa = PBXBuildFile; fileRef = 27EDF02128FF29A200A09703 /* ChildrenFrameReader.swift */; };
/* End PBXBuildFile section */

/* Begin PBXContainerItemProxy section */
		2749448A2901CBEE004EF529 /* PBXContainerItemProxy */ = {
			isa = PBXContainerItemProxy;
			containerPortal = 27EDF00628FF1C8B00A09703 /* Project object */;
			proxyType = 1;
			remoteGlobalIDString = 27EDF00D28FF1C8B00A09703;
			remoteInfo = HStackLayoutWorkshop;
		};
/* End PBXContainerItemProxy section */

/* Begin PBXFileReference section */
		2749448029004016004EF529 /* LayoutTestView.swift */ = {isa = PBXFileReference; lastKnownFileType = sourcecode.swift; path = LayoutTestView.swift; sourceTree = "<group>"; };
		274944862901CBEE004EF529 /* HStackLayoutWorkshopTests.xctest */ = {isa = PBXFileReference; explicitFileType = wrapper.cfbundle; includeInIndex = 0; path = HStackLayoutWorkshopTests.xctest; sourceTree = BUILT_PRODUCTS_DIR; };
		274944882901CBEE004EF529 /* HStackLayoutWorkshopTests.swift */ = {isa = PBXFileReference; lastKnownFileType = sourcecode.swift; path = HStackLayoutWorkshopTests.swift; sourceTree = "<group>"; };
		27EDF00E28FF1C8B00A09703 /* HStackLayoutWorkshop.app */ = {isa = PBXFileReference; explicitFileType = wrapper.application; includeInIndex = 0; path = HStackLayoutWorkshop.app; sourceTree = BUILT_PRODUCTS_DIR; };
		27EDF01128FF1C8B00A09703 /* HStackLayoutWorkshopApp.swift */ = {isa = PBXFileReference; lastKnownFileType = sourcecode.swift; path = HStackLayoutWorkshopApp.swift; sourceTree = "<group>"; };
		27EDF01328FF1C8B00A09703 /* ContentView.swift */ = {isa = PBXFileReference; lastKnownFileType = sourcecode.swift; path = ContentView.swift; sourceTree = "<group>"; };
		27EDF01528FF1C8D00A09703 /* Assets.xcassets */ = {isa = PBXFileReference; lastKnownFileType = folder.assetcatalog; path = Assets.xcassets; sourceTree = "<group>"; };
		27EDF01828FF1C8D00A09703 /* Preview Assets.xcassets */ = {isa = PBXFileReference; lastKnownFileType = folder.assetcatalog; path = "Preview Assets.xcassets"; sourceTree = "<group>"; };
		27EDF01F28FF238E00A09703 /* MyHStackLayout.swift */ = {isa = PBXFileReference; lastKnownFileType = sourcecode.swift; path = MyHStackLayout.swift; sourceTree = "<group>"; };
		27EDF02128FF29A200A09703 /* ChildrenFrameReader.swift */ = {isa = PBXFileReference; lastKnownFileType = sourcecode.swift; path = ChildrenFrameReader.swift; sourceTree = "<group>"; };
/* End PBXFileReference section */

/* Begin PBXFrameworksBuildPhase section */
		274944832901CBEE004EF529 /* Frameworks */ = {
			isa = PBXFrameworksBuildPhase;
			buildActionMask = 2147483647;
			files = (
				274944912901CC63004EF529 /* SnapshotTesting in Frameworks */,
			);
			runOnlyForDeploymentPostprocessing = 0;
		};
		27EDF00B28FF1C8B00A09703 /* Frameworks */ = {
			isa = PBXFrameworksBuildPhase;
			buildActionMask = 2147483647;
			files = (
			);
			runOnlyForDeploymentPostprocessing = 0;
		};
/* End PBXFrameworksBuildPhase section */

/* Begin PBXGroup section */
		274944872901CBEE004EF529 /* HStackLayoutWorkshopTests */ = {
			isa = PBXGroup;
			children = (
				274944882901CBEE004EF529 /* HStackLayoutWorkshopTests.swift */,
			);
			path = HStackLayoutWorkshopTests;
			sourceTree = "<group>";
		};
		27EDF00528FF1C8B00A09703 = {
			isa = PBXGroup;
			children = (
				27EDF01028FF1C8B00A09703 /* HStackLayoutWorkshop */,
				274944872901CBEE004EF529 /* HStackLayoutWorkshopTests */,
				27EDF00F28FF1C8B00A09703 /* Products */,
			);
			sourceTree = "<group>";
		};
		27EDF00F28FF1C8B00A09703 /* Products */ = {
			isa = PBXGroup;
			children = (
				27EDF00E28FF1C8B00A09703 /* HStackLayoutWorkshop.app */,
				274944862901CBEE004EF529 /* HStackLayoutWorkshopTests.xctest */,
			);
			name = Products;
			sourceTree = "<group>";
		};
		27EDF01028FF1C8B00A09703 /* HStackLayoutWorkshop */ = {
			isa = PBXGroup;
			children = (
				27EDF01128FF1C8B00A09703 /* HStackLayoutWorkshopApp.swift */,
				27EDF01328FF1C8B00A09703 /* ContentView.swift */,
				27EDF02128FF29A200A09703 /* ChildrenFrameReader.swift */,
				2749448029004016004EF529 /* LayoutTestView.swift */,
				27EDF01F28FF238E00A09703 /* MyHStackLayout.swift */,
				27EDF01528FF1C8D00A09703 /* Assets.xcassets */,
				27EDF01728FF1C8D00A09703 /* Preview Content */,
			);
			path = HStackLayoutWorkshop;
			sourceTree = "<group>";
		};
		27EDF01728FF1C8D00A09703 /* Preview Content */ = {
			isa = PBXGroup;
			children = (
				27EDF01828FF1C8D00A09703 /* Preview Assets.xcassets */,
			);
			path = "Preview Content";
			sourceTree = "<group>";
		};
/* End PBXGroup section */

/* Begin PBXNativeTarget section */
		274944852901CBEE004EF529 /* HStackLayoutWorkshopTests */ = {
			isa = PBXNativeTarget;
			buildConfigurationList = 2749448E2901CBEE004EF529 /* Build configuration list for PBXNativeTarget "HStackLayoutWorkshopTests" */;
			buildPhases = (
				274944822901CBEE004EF529 /* Sources */,
				274944832901CBEE004EF529 /* Frameworks */,
				274944842901CBEE004EF529 /* Resources */,
			);
			buildRules = (
			);
			dependencies = (
				2749448B2901CBEE004EF529 /* PBXTargetDependency */,
			);
			name = HStackLayoutWorkshopTests;
			packageProductDependencies = (
				274944902901CC63004EF529 /* SnapshotTesting */,
			);
			productName = HStackLayoutWorkshopTests;
			productReference = 274944862901CBEE004EF529 /* HStackLayoutWorkshopTests.xctest */;
			productType = "com.apple.product-type.bundle.unit-test";
		};
		27EDF00D28FF1C8B00A09703 /* HStackLayoutWorkshop */ = {
			isa = PBXNativeTarget;
			buildConfigurationList = 27EDF01C28FF1C8D00A09703 /* Build configuration list for PBXNativeTarget "HStackLayoutWorkshop" */;
			buildPhases = (
				27EDF00A28FF1C8B00A09703 /* Sources */,
				27EDF00B28FF1C8B00A09703 /* Frameworks */,
				27EDF00C28FF1C8B00A09703 /* Resources */,
			);
			buildRules = (
			);
			dependencies = (
			);
			name = HStackLayoutWorkshop;
			productName = HStackLayoutWorkshop;
			productReference = 27EDF00E28FF1C8B00A09703 /* HStackLayoutWorkshop.app */;
			productType = "com.apple.product-type.application";
		};
/* End PBXNativeTarget section */

/* Begin PBXProject section */
		27EDF00628FF1C8B00A09703 /* Project object */ = {
			isa = PBXProject;
			attributes = {
				BuildIndependentTargetsInParallel = 1;
				LastSwiftUpdateCheck = 1410;
				LastUpgradeCheck = 1410;
				TargetAttributes = {
					274944852901CBEE004EF529 = {
						CreatedOnToolsVersion = 14.1;
						TestTargetID = 27EDF00D28FF1C8B00A09703;
					};
					27EDF00D28FF1C8B00A09703 = {
						CreatedOnToolsVersion = 14.1;
					};
				};
			};
			buildConfigurationList = 27EDF00928FF1C8B00A09703 /* Build configuration list for PBXProject "HStackLayoutWorkshop" */;
			compatibilityVersion = "Xcode 14.0";
			developmentRegion = en;
			hasScannedForEncodings = 0;
			knownRegions = (
				en,
				Base,
			);
			mainGroup = 27EDF00528FF1C8B00A09703;
			packageReferences = (
				2749448F2901CC63004EF529 /* XCRemoteSwiftPackageReference "swift-snapshot-testing" */,
			);
			productRefGroup = 27EDF00F28FF1C8B00A09703 /* Products */;
			projectDirPath = "";
			projectRoot = "";
			targets = (
				27EDF00D28FF1C8B00A09703 /* HStackLayoutWorkshop */,
				274944852901CBEE004EF529 /* HStackLayoutWorkshopTests */,
			);
		};
/* End PBXProject section */

/* Begin PBXResourcesBuildPhase section */
		274944842901CBEE004EF529 /* Resources */ = {
			isa = PBXResourcesBuildPhase;
			buildActionMask = 2147483647;
			files = (
			);
			runOnlyForDeploymentPostprocessing = 0;
		};
		27EDF00C28FF1C8B00A09703 /* Resources */ = {
			isa = PBXResourcesBuildPhase;
			buildActionMask = 2147483647;
			files = (
				27EDF01928FF1C8D00A09703 /* Preview Assets.xcassets in Resources */,
				27EDF01628FF1C8D00A09703 /* Assets.xcassets in Resources */,
			);
			runOnlyForDeploymentPostprocessing = 0;
		};
/* End PBXResourcesBuildPhase section */

/* Begin PBXSourcesBuildPhase section */
		274944822901CBEE004EF529 /* Sources */ = {
			isa = PBXSourcesBuildPhase;
			buildActionMask = 2147483647;
			files = (
				274944892901CBEE004EF529 /* HStackLayoutWorkshopTests.swift in Sources */,
			);
			runOnlyForDeploymentPostprocessing = 0;
		};
		27EDF00A28FF1C8B00A09703 /* Sources */ = {
			isa = PBXSourcesBuildPhase;
			buildActionMask = 2147483647;
			files = (
				27EDF01428FF1C8B00A09703 /* ContentView.swift in Sources */,
				27EDF01228FF1C8B00A09703 /* HStackLayoutWorkshopApp.swift in Sources */,
				27EDF02028FF238E00A09703 /* MyHStackLayout.swift in Sources */,
				27EDF02228FF29A200A09703 /* ChildrenFrameReader.swift in Sources */,
				2749448129004016004EF529 /* LayoutTestView.swift in Sources */,
			);
			runOnlyForDeploymentPostprocessing = 0;
		};
/* End PBXSourcesBuildPhase section */

/* Begin PBXTargetDependency section */
		2749448B2901CBEE004EF529 /* PBXTargetDependency */ = {
			isa = PBXTargetDependency;
			target = 27EDF00D28FF1C8B00A09703 /* HStackLayoutWorkshop */;
			targetProxy = 2749448A2901CBEE004EF529 /* PBXContainerItemProxy */;
		};
/* End PBXTargetDependency section */

/* Begin XCBuildConfiguration section */
		2749448C2901CBEE004EF529 /* Debug */ = {
			isa = XCBuildConfiguration;
			buildSettings = {
				BUNDLE_LOADER = "$(TEST_HOST)";
				CODE_SIGN_STYLE = Automatic;
				CURRENT_PROJECT_VERSION = 1;
				GENERATE_INFOPLIST_FILE = YES;
				IPHONEOS_DEPLOYMENT_TARGET = 16.0;
				MARKETING_VERSION = 1.0;
				PRODUCT_BUNDLE_IDENTIFIER = ada.ifce.HStackLayoutWorkshopTests;
				PRODUCT_NAME = "$(TARGET_NAME)";
				SWIFT_EMIT_LOC_STRINGS = NO;
				SWIFT_VERSION = 5.0;
				TARGETED_DEVICE_FAMILY = "1,2";
				TEST_HOST = "$(BUILT_PRODUCTS_DIR)/HStackLayoutWorkshop.app/$(BUNDLE_EXECUTABLE_FOLDER_PATH)/HStackLayoutWorkshop";
			};
			name = Debug;
		};
		2749448D2901CBEE004EF529 /* Release */ = {
			isa = XCBuildConfiguration;
			buildSettings = {
				BUNDLE_LOADER = "$(TEST_HOST)";
				CODE_SIGN_STYLE = Automatic;
				CURRENT_PROJECT_VERSION = 1;
				GENERATE_INFOPLIST_FILE = YES;
				IPHONEOS_DEPLOYMENT_TARGET = 16.0;
				MARKETING_VERSION = 1.0;
				PRODUCT_BUNDLE_IDENTIFIER = ada.ifce.HStackLayoutWorkshopTests;
				PRODUCT_NAME = "$(TARGET_NAME)";
				SWIFT_EMIT_LOC_STRINGS = NO;
				SWIFT_VERSION = 5.0;
				TARGETED_DEVICE_FAMILY = "1,2";
				TEST_HOST = "$(BUILT_PRODUCTS_DIR)/HStackLayoutWorkshop.app/$(BUNDLE_EXECUTABLE_FOLDER_PATH)/HStackLayoutWorkshop";
			};
			name = Release;
		};
		27EDF01A28FF1C8D00A09703 /* Debug */ = {
			isa = XCBuildConfiguration;
			buildSettings = {
				ALWAYS_SEARCH_USER_PATHS = NO;
				CLANG_ANALYZER_NONNULL = YES;
				CLANG_ANALYZER_NUMBER_OBJECT_CONVERSION = YES_AGGRESSIVE;
				CLANG_CXX_LANGUAGE_STANDARD = "gnu++20";
				CLANG_ENABLE_MODULES = YES;
				CLANG_ENABLE_OBJC_ARC = YES;
				CLANG_ENABLE_OBJC_WEAK = YES;
				CLANG_WARN_BLOCK_CAPTURE_AUTORELEASING = YES;
				CLANG_WARN_BOOL_CONVERSION = YES;
				CLANG_WARN_COMMA = YES;
				CLANG_WARN_CONSTANT_CONVERSION = YES;
				CLANG_WARN_DEPRECATED_OBJC_IMPLEMENTATIONS = YES;
				CLANG_WARN_DIRECT_OBJC_ISA_USAGE = YES_ERROR;
				CLANG_WARN_DOCUMENTATION_COMMENTS = YES;
				CLANG_WARN_EMPTY_BODY = YES;
				CLANG_WARN_ENUM_CONVERSION = YES;
				CLANG_WARN_INFINITE_RECURSION = YES;
				CLANG_WARN_INT_CONVERSION = YES;
				CLANG_WARN_NON_LITERAL_NULL_CONVERSION = YES;
				CLANG_WARN_OBJC_IMPLICIT_RETAIN_SELF = YES;
				CLANG_WARN_OBJC_LITERAL_CONVERSION = YES;
				CLANG_WARN_OBJC_ROOT_CLASS = YES_ERROR;
				CLANG_WARN_QUOTED_INCLUDE_IN_FRAMEWORK_HEADER = YES;
				CLANG_WARN_RANGE_LOOP_ANALYSIS = YES;
				CLANG_WARN_STRICT_PROTOTYPES = YES;
				CLANG_WARN_SUSPICIOUS_MOVE = YES;
				CLANG_WARN_UNGUARDED_AVAILABILITY = YES_AGGRESSIVE;
				CLANG_WARN_UNREACHABLE_CODE = YES;
				CLANG_WARN__DUPLICATE_METHOD_MATCH = YES;
				COPY_PHASE_STRIP = NO;
				DEBUG_INFORMATION_FORMAT = dwarf;
				ENABLE_STRICT_OBJC_MSGSEND = YES;
				ENABLE_TESTABILITY = YES;
				GCC_C_LANGUAGE_STANDARD = gnu11;
				GCC_DYNAMIC_NO_PIC = NO;
				GCC_NO_COMMON_BLOCKS = YES;
				GCC_OPTIMIZATION_LEVEL = 0;
				GCC_PREPROCESSOR_DEFINITIONS = (
					"DEBUG=1",
					"$(inherited)",
				);
				GCC_WARN_64_TO_32_BIT_CONVERSION = YES;
				GCC_WARN_ABOUT_RETURN_TYPE = YES_ERROR;
				GCC_WARN_UNDECLARED_SELECTOR = YES;
				GCC_WARN_UNINITIALIZED_AUTOS = YES_AGGRESSIVE;
				GCC_WARN_UNUSED_FUNCTION = YES;
				GCC_WARN_UNUSED_VARIABLE = YES;
				IPHONEOS_DEPLOYMENT_TARGET = 16.0;
				MTL_ENABLE_DEBUG_INFO = INCLUDE_SOURCE;
				MTL_FAST_MATH = YES;
				ONLY_ACTIVE_ARCH = YES;
				SDKROOT = iphoneos;
				SWIFT_ACTIVE_COMPILATION_CONDITIONS = DEBUG;
				SWIFT_OPTIMIZATION_LEVEL = "-Onone";
			};
			name = Debug;
		};
		27EDF01B28FF1C8D00A09703 /* Release */ = {
			isa = XCBuildConfiguration;
			buildSettings = {
				ALWAYS_SEARCH_USER_PATHS = NO;
				CLANG_ANALYZER_NONNULL = YES;
				CLANG_ANALYZER_NUMBER_OBJECT_CONVERSION = YES_AGGRESSIVE;
				CLANG_CXX_LANGUAGE_STANDARD = "gnu++20";
				CLANG_ENABLE_MODULES = YES;
				CLANG_ENABLE_OBJC_ARC = YES;
				CLANG_ENABLE_OBJC_WEAK = YES;
				CLANG_WARN_BLOCK_CAPTURE_AUTORELEASING = YES;
				CLANG_WARN_BOOL_CONVERSION = YES;
				CLANG_WARN_COMMA = YES;
				CLANG_WARN_CONSTANT_CONVERSION = YES;
				CLANG_WARN_DEPRECATED_OBJC_IMPLEMENTATIONS = YES;
				CLANG_WARN_DIRECT_OBJC_ISA_USAGE = YES_ERROR;
				CLANG_WARN_DOCUMENTATION_COMMENTS = YES;
				CLANG_WARN_EMPTY_BODY = YES;
				CLANG_WARN_ENUM_CONVERSION = YES;
				CLANG_WARN_INFINITE_RECURSION = YES;
				CLANG_WARN_INT_CONVERSION = YES;
				CLANG_WARN_NON_LITERAL_NULL_CONVERSION = YES;
				CLANG_WARN_OBJC_IMPLICIT_RETAIN_SELF = YES;
				CLANG_WARN_OBJC_LITERAL_CONVERSION = YES;
				CLANG_WARN_OBJC_ROOT_CLASS = YES_ERROR;
				CLANG_WARN_QUOTED_INCLUDE_IN_FRAMEWORK_HEADER = YES;
				CLANG_WARN_RANGE_LOOP_ANALYSIS = YES;
				CLANG_WARN_STRICT_PROTOTYPES = YES;
				CLANG_WARN_SUSPICIOUS_MOVE = YES;
				CLANG_WARN_UNGUARDED_AVAILABILITY = YES_AGGRESSIVE;
				CLANG_WARN_UNREACHABLE_CODE = YES;
				CLANG_WARN__DUPLICATE_METHOD_MATCH = YES;
				COPY_PHASE_STRIP = NO;
				DEBUG_INFORMATION_FORMAT = "dwarf-with-dsym";
				ENABLE_NS_ASSERTIONS = NO;
				ENABLE_STRICT_OBJC_MSGSEND = YES;
				GCC_C_LANGUAGE_STANDARD = gnu11;
				GCC_NO_COMMON_BLOCKS = YES;
				GCC_WARN_64_TO_32_BIT_CONVERSION = YES;
				GCC_WARN_ABOUT_RETURN_TYPE = YES_ERROR;
				GCC_WARN_UNDECLARED_SELECTOR = YES;
				GCC_WARN_UNINITIALIZED_AUTOS = YES_AGGRESSIVE;
				GCC_WARN_UNUSED_FUNCTION = YES;
				GCC_WARN_UNUSED_VARIABLE = YES;
				IPHONEOS_DEPLOYMENT_TARGET = 16.0;
				MTL_ENABLE_DEBUG_INFO = NO;
				MTL_FAST_MATH = YES;
				SDKROOT = iphoneos;
				SWIFT_COMPILATION_MODE = wholemodule;
				SWIFT_OPTIMIZATION_LEVEL = "-O";
				VALIDATE_PRODUCT = YES;
			};
			name = Release;
		};
		27EDF01D28FF1C8D00A09703 /* Debug */ = {
			isa = XCBuildConfiguration;
			buildSettings = {
				ASSETCATALOG_COMPILER_APPICON_NAME = AppIcon;
				ASSETCATALOG_COMPILER_GLOBAL_ACCENT_COLOR_NAME = AccentColor;
				CODE_SIGN_STYLE = Automatic;
				CURRENT_PROJECT_VERSION = 1;
				DEVELOPMENT_ASSET_PATHS = "\"HStackLayoutWorkshop/Preview Content\"";
				ENABLE_PREVIEWS = YES;
				GENERATE_INFOPLIST_FILE = YES;
				INFOPLIST_KEY_UIApplicationSceneManifest_Generation = YES;
				INFOPLIST_KEY_UIApplicationSupportsIndirectInputEvents = YES;
				INFOPLIST_KEY_UILaunchScreen_Generation = YES;
				INFOPLIST_KEY_UISupportedInterfaceOrientations_iPad = "UIInterfaceOrientationPortrait UIInterfaceOrientationPortraitUpsideDown UIInterfaceOrientationLandscapeLeft UIInterfaceOrientationLandscapeRight";
				INFOPLIST_KEY_UISupportedInterfaceOrientations_iPhone = "UIInterfaceOrientationPortrait UIInterfaceOrientationLandscapeLeft UIInterfaceOrientationLandscapeRight";
				IPHONEOS_DEPLOYMENT_TARGET = 16.0;
				LD_RUNPATH_SEARCH_PATHS = (
					"$(inherited)",
					"@executable_path/Frameworks",
				);
				MARKETING_VERSION = 1.0;
				PRODUCT_BUNDLE_IDENTIFIER = ada.ifce.HStackLayoutWorkshop;
				PRODUCT_NAME = "$(TARGET_NAME)";
				SWIFT_EMIT_LOC_STRINGS = YES;
				SWIFT_VERSION = 5.0;
				TARGETED_DEVICE_FAMILY = "1,2";
			};
			name = Debug;
		};
		27EDF01E28FF1C8D00A09703 /* Release */ = {
			isa = XCBuildConfiguration;
			buildSettings = {
				ASSETCATALOG_COMPILER_APPICON_NAME = AppIcon;
				ASSETCATALOG_COMPILER_GLOBAL_ACCENT_COLOR_NAME = AccentColor;
				CODE_SIGN_STYLE = Automatic;
				CURRENT_PROJECT_VERSION = 1;
				DEVELOPMENT_ASSET_PATHS = "\"HStackLayoutWorkshop/Preview Content\"";
				ENABLE_PREVIEWS = YES;
				GENERATE_INFOPLIST_FILE = YES;
				INFOPLIST_KEY_UIApplicationSceneManifest_Generation = YES;
				INFOPLIST_KEY_UIApplicationSupportsIndirectInputEvents = YES;
				INFOPLIST_KEY_UILaunchScreen_Generation = YES;
				INFOPLIST_KEY_UISupportedInterfaceOrientations_iPad = "UIInterfaceOrientationPortrait UIInterfaceOrientationPortraitUpsideDown UIInterfaceOrientationLandscapeLeft UIInterfaceOrientationLandscapeRight";
				INFOPLIST_KEY_UISupportedInterfaceOrientations_iPhone = "UIInterfaceOrientationPortrait UIInterfaceOrientationLandscapeLeft UIInterfaceOrientationLandscapeRight";
				IPHONEOS_DEPLOYMENT_TARGET = 16.0;
				LD_RUNPATH_SEARCH_PATHS = (
					"$(inherited)",
					"@executable_path/Frameworks",
				);
				MARKETING_VERSION = 1.0;
				PRODUCT_BUNDLE_IDENTIFIER = ada.ifce.HStackLayoutWorkshop;
				PRODUCT_NAME = "$(TARGET_NAME)";
				SWIFT_EMIT_LOC_STRINGS = YES;
				SWIFT_VERSION = 5.0;
				TARGETED_DEVICE_FAMILY = "1,2";
			};
			name = Release;
		};
/* End XCBuildConfiguration section */

/* Begin XCConfigurationList section */
		2749448E2901CBEE004EF529 /* Build configuration list for PBXNativeTarget "HStackLayoutWorkshopTests" */ = {
			isa = XCConfigurationList;
			buildConfigurations = (
				2749448C2901CBEE004EF529 /* Debug */,
				2749448D2901CBEE004EF529 /* Release */,
			);
			defaultConfigurationIsVisible = 0;
			defaultConfigurationName = Release;
		};
		27EDF00928FF1C8B00A09703 /* Build configuration list for PBXProject "HStackLayoutWorkshop" */ = {
			isa = XCConfigurationList;
			buildConfigurations = (
				27EDF01A28FF1C8D00A09703 /* Debug */,
				27EDF01B28FF1C8D00A09703 /* Release */,
			);
			defaultConfigurationIsVisible = 0;
			defaultConfigurationName = Release;
		};
		27EDF01C28FF1C8D00A09703 /* Build configuration list for PBXNativeTarget "HStackLayoutWorkshop" */ = {
			isa = XCConfigurationList;
			buildConfigurations = (
				27EDF01D28FF1C8D00A09703 /* Debug */,
				27EDF01E28FF1C8D00A09703 /* Release */,
			);
			defaultConfigurationIsVisible = 0;
			defaultConfigurationName = Release;
		};
/* End XCConfigurationList section */

/* Begin XCRemoteSwiftPackageReference section */
		2749448F2901CC63004EF529 /* XCRemoteSwiftPackageReference "swift-snapshot-testing" */ = {
			isa = XCRemoteSwiftPackageReference;
			repositoryURL = "https://github.com/pointfreeco/swift-snapshot-testing";
			requirement = {
				branch = main;
				kind = branch;
			};
		};
/* End XCRemoteSwiftPackageReference section */

/* Begin XCSwiftPackageProductDependency section */
		274944902901CC63004EF529 /* SnapshotTesting */ = {
			isa = XCSwiftPackageProductDependency;
			package = 2749448F2901CC63004EF529 /* XCRemoteSwiftPackageReference "swift-snapshot-testing" */;
			productName = SnapshotTesting;
		};
/* End XCSwiftPackageProductDependency section */
	};
	rootObject = 27EDF00628FF1C8B00A09703 /* Project object */;
}
